// !$*UTF8*$!
{
	archiveVersion = 1;
	classes = {
	};
	objectVersion = 46;
	objects = {

/* Begin PBXBuildFile section */
		97213E171E0D544700F047E9 /* Pokemon.swift in Sources */ = {isa = PBXBuildFile; fileRef = 97213E161E0D544700F047E9 /* Pokemon.swift */; };
		973043861E142FFB0092FB5B /* pokemon.csv in Resources */ = {isa = PBXBuildFile; fileRef = 973043851E142FFB0092FB5B /* pokemon.csv */; };
		973043881E1431840092FB5B /* pokemon.ttf in Resources */ = {isa = PBXBuildFile; fileRef = 973043871E1431840092FB5B /* pokemon.ttf */; };
		9730438D1E1434420092FB5B /* music.png in Resources */ = {isa = PBXBuildFile; fileRef = 9730438C1E1434420092FB5B /* music.png */; };
		9730438F1E1434E50092FB5B /* music.mp3 in Resources */ = {isa = PBXBuildFile; fileRef = 9730438E1E1434E50092FB5B /* music.mp3 */; };
		9758D7511E14798B00E8D497 /* DetailVC.swift in Sources */ = {isa = PBXBuildFile; fileRef = 9758D7501E14798B00E8D497 /* DetailVC.swift */; };
		978B56B61E141AC80064E4F7 /* csv.swift in Sources */ = {isa = PBXBuildFile; fileRef = 978B56B51E141AC80064E4F7 /* csv.swift */; };
		97AB8BE51E0D505000FF0C46 /* AppDelegate.swift in Sources */ = {isa = PBXBuildFile; fileRef = 97AB8BE41E0D505000FF0C46 /* AppDelegate.swift */; };
		97AB8BE71E0D505000FF0C46 /* ViewController.swift in Sources */ = {isa = PBXBuildFile; fileRef = 97AB8BE61E0D505000FF0C46 /* ViewController.swift */; };
		97AB8BEA1E0D505000FF0C46 /* Main.storyboard in Resources */ = {isa = PBXBuildFile; fileRef = 97AB8BE81E0D505000FF0C46 /* Main.storyboard */; };
		97AB8BEC1E0D505100FF0C46 /* Assets.xcassets in Resources */ = {isa = PBXBuildFile; fileRef = 97AB8BEB1E0D505100FF0C46 /* Assets.xcassets */; };
		97AB8BEF1E0D505100FF0C46 /* LaunchScreen.storyboard in Resources */ = {isa = PBXBuildFile; fileRef = 97AB8BED1E0D505100FF0C46 /* LaunchScreen.storyboard */; };
		97C877E51E0F335E00E2CA2B /* PokeCell.swift in Sources */ = {isa = PBXBuildFile; fileRef = 97C877E41E0F335E00E2CA2B /* PokeCell.swift */; };
/* End PBXBuildFile section */

/* Begin PBXFileReference section */
		97213E161E0D544700F047E9 /* Pokemon.swift */ = {isa = PBXFileReference; fileEncoding = 4; lastKnownFileType = sourcecode.swift; path = Pokemon.swift; sourceTree = "<group>"; };
		973043851E142FFB0092FB5B /* pokemon.csv */ = {isa = PBXFileReference; fileEncoding = 4; lastKnownFileType = text; path = pokemon.csv; sourceTree = "<group>"; };
		973043871E1431840092FB5B /* pokemon.ttf */ = {isa = PBXFileReference; lastKnownFileType = file; path = pokemon.ttf; sourceTree = "<group>"; };
		9730438C1E1434420092FB5B /* music.png */ = {isa = PBXFileReference; lastKnownFileType = image.png; path = music.png; sourceTree = "<group>"; };
		9730438E1E1434E50092FB5B /* music.mp3 */ = {isa = PBXFileReference; lastKnownFileType = audio.mp3; path = music.mp3; sourceTree = "<group>"; };
		9758D7501E14798B00E8D497 /* DetailVC.swift */ = {isa = PBXFileReference; fileEncoding = 4; lastKnownFileType = sourcecode.swift; path = DetailVC.swift; sourceTree = "<group>"; };
		978B56B51E141AC80064E4F7 /* csv.swift */ = {isa = PBXFileReference; fileEncoding = 4; lastKnownFileType = sourcecode.swift; path = csv.swift; sourceTree = "<group>"; };
		97AB8BE11E0D505000FF0C46 /* pokedex.app */ = {isa = PBXFileReference; explicitFileType = wrapper.application; includeInIndex = 0; path = pokedex.app; sourceTree = BUILT_PRODUCTS_DIR; };
		97AB8BE41E0D505000FF0C46 /* AppDelegate.swift */ = {isa = PBXFileReference; lastKnownFileType = sourcecode.swift; path = AppDelegate.swift; sourceTree = "<group>"; };
		97AB8BE61E0D505000FF0C46 /* ViewController.swift */ = {isa = PBXFileReference; lastKnownFileType = sourcecode.swift; path = ViewController.swift; sourceTree = "<group>"; };
		97AB8BE91E0D505000FF0C46 /* Base */ = {isa = PBXFileReference; lastKnownFileType = file.storyboard; name = Base; path = Base.lproj/Main.storyboard; sourceTree = "<group>"; };
		97AB8BEB1E0D505100FF0C46 /* Assets.xcassets */ = {isa = PBXFileReference; lastKnownFileType = folder.assetcatalog; path = Assets.xcassets; sourceTree = "<group>"; };
		97AB8BEE1E0D505100FF0C46 /* Base */ = {isa = PBXFileReference; lastKnownFileType = file.storyboard; name = Base; path = Base.lproj/LaunchScreen.storyboard; sourceTree = "<group>"; };
		97AB8BF01E0D505100FF0C46 /* Info.plist */ = {isa = PBXFileReference; lastKnownFileType = text.plist.xml; path = Info.plist; sourceTree = "<group>"; };
		97C877E41E0F335E00E2CA2B /* PokeCell.swift */ = {isa = PBXFileReference; fileEncoding = 4; lastKnownFileType = sourcecode.swift; path = PokeCell.swift; sourceTree = "<group>"; };
/* End PBXFileReference section */

/* Begin PBXFrameworksBuildPhase section */
		97AB8BDE1E0D504F00FF0C46 /* Frameworks */ = {
			isa = PBXFrameworksBuildPhase;
			buildActionMask = 2147483647;
			files = (
			);
			runOnlyForDeploymentPostprocessing = 0;
		};
/* End PBXFrameworksBuildPhase section */

/* Begin PBXGroup section */
		97213E151E0D543700F047E9 /* Model */ = {
			isa = PBXGroup;
			children = (
				97213E161E0D544700F047E9 /* Pokemon.swift */,
			);
			name = Model;
			sourceTree = "<group>";
		};
		973043891E1432220092FB5B /* Controller */ = {
			isa = PBXGroup;
			children = (
				97AB8BE61E0D505000FF0C46 /* ViewController.swift */,
				9758D7501E14798B00E8D497 /* DetailVC.swift */,
			);
			name = Controller;
			sourceTree = "<group>";
		};
		9730438A1E14322C0092FB5B /* Recources */ = {
			isa = PBXGroup;
			children = (
				973043871E1431840092FB5B /* pokemon.ttf */,
				973043851E142FFB0092FB5B /* pokemon.csv */,
				9730438C1E1434420092FB5B /* music.png */,
				9730438E1E1434E50092FB5B /* music.mp3 */,
			);
			name = Recources;
			sourceTree = "<group>";
		};
		9730438B1E1432780092FB5B /* Util */ = {
			isa = PBXGroup;
			children = (
				978B56B51E141AC80064E4F7 /* csv.swift */,
			);
			name = Util;
			sourceTree = "<group>";
		};
		97AB8BD81E0D504F00FF0C46 = {
			isa = PBXGroup;
			children = (
				97AB8BE31E0D505000FF0C46 /* pokedex */,
				97AB8BE21E0D505000FF0C46 /* Products */,
			);
			sourceTree = "<group>";
		};
		97AB8BE21E0D505000FF0C46 /* Products */ = {
			isa = PBXGroup;
			children = (
				97AB8BE11E0D505000FF0C46 /* pokedex.app */,
			);
			name = Products;
			sourceTree = "<group>";
		};
		97AB8BE31E0D505000FF0C46 /* pokedex */ = {
			isa = PBXGroup;
			children = (
				9730438B1E1432780092FB5B /* Util */,
				9730438A1E14322C0092FB5B /* Recources */,
				973043891E1432220092FB5B /* Controller */,
				97C877E31E0F333E00E2CA2B /* View */,
				97213E151E0D543700F047E9 /* Model */,
				97AB8BE41E0D505000FF0C46 /* AppDelegate.swift */,
				97AB8BE81E0D505000FF0C46 /* Main.storyboard */,
				97AB8BED1E0D505100FF0C46 /* LaunchScreen.storyboard */,
				97AB8BEB1E0D505100FF0C46 /* Assets.xcassets */,
				97AB8BF01E0D505100FF0C46 /* Info.plist */,
			);
			path = pokedex;
			sourceTree = "<group>";
		};
		97C877E31E0F333E00E2CA2B /* View */ = {
			isa = PBXGroup;
			children = (
				97C877E41E0F335E00E2CA2B /* PokeCell.swift */,
			);
			name = View;
			sourceTree = "<group>";
		};
/* End PBXGroup section */

/* Begin PBXNativeTarget section */
		97AB8BE01E0D504F00FF0C46 /* pokedex */ = {
			isa = PBXNativeTarget;
			buildConfigurationList = 97AB8BF31E0D505100FF0C46 /* Build configuration list for PBXNativeTarget "pokedex" */;
			buildPhases = (
				97AB8BDD1E0D504F00FF0C46 /* Sources */,
				97AB8BDE1E0D504F00FF0C46 /* Frameworks */,
				97AB8BDF1E0D504F00FF0C46 /* Resources */,
			);
			buildRules = (
			);
			dependencies = (
			);
			name = pokedex;
			productName = pokedex;
			productReference = 97AB8BE11E0D505000FF0C46 /* pokedex.app */;
			productType = "com.apple.product-type.application";
		};
/* End PBXNativeTarget section */

/* Begin PBXProject section */
		97AB8BD91E0D504F00FF0C46 /* Project object */ = {
			isa = PBXProject;
			attributes = {
				LastSwiftUpdateCheck = 0810;
				LastUpgradeCheck = 0810;
				ORGANIZATIONNAME = "Gustav Wadström";
				TargetAttributes = {
					97AB8BE01E0D504F00FF0C46 = {
						CreatedOnToolsVersion = 8.1;
						DevelopmentTeam = S6T358VQU9;
						LastSwiftMigration = 0820;
						ProvisioningStyle = Automatic;
					};
				};
			};
			buildConfigurationList = 97AB8BDC1E0D504F00FF0C46 /* Build configuration list for PBXProject "pokedex" */;
			compatibilityVersion = "Xcode 3.2";
			developmentRegion = English;
			hasScannedForEncodings = 0;
			knownRegions = (
				en,
				Base,
			);
			mainGroup = 97AB8BD81E0D504F00FF0C46;
			productRefGroup = 97AB8BE21E0D505000FF0C46 /* Products */;
			projectDirPath = "";
			projectRoot = "";
			targets = (
				97AB8BE01E0D504F00FF0C46 /* pokedex */,
			);
		};
/* End PBXProject section */

/* Begin PBXResourcesBuildPhase section */
		97AB8BDF1E0D504F00FF0C46 /* Resources */ = {
			isa = PBXResourcesBuildPhase;
			buildActionMask = 2147483647;
			files = (
				973043881E1431840092FB5B /* pokemon.ttf in Resources */,
				97AB8BEF1E0D505100FF0C46 /* LaunchScreen.storyboard in Resources */,
				97AB8BEC1E0D505100FF0C46 /* Assets.xcassets in Resources */,
				973043861E142FFB0092FB5B /* pokemon.csv in Resources */,
				97AB8BEA1E0D505000FF0C46 /* Main.storyboard in Resources */,
				9730438F1E1434E50092FB5B /* music.mp3 in Resources */,
				9730438D1E1434420092FB5B /* music.png in Resources */,
			);
			runOnlyForDeploymentPostprocessing = 0;
		};
/* End PBXResourcesBuildPhase section */

/* Begin PBXSourcesBuildPhase section */
		97AB8BDD1E0D504F00FF0C46 /* Sources */ = {
			isa = PBXSourcesBuildPhase;
			buildActionMask = 2147483647;
			files = (
				97C877E51E0F335E00E2CA2B /* PokeCell.swift in Sources */,
				97AB8BE71E0D505000FF0C46 /* ViewController.swift in Sources */,
				97AB8BE51E0D505000FF0C46 /* AppDelegate.swift in Sources */,
				97213E171E0D544700F047E9 /* Pokemon.swift in Sources */,
				978B56B61E141AC80064E4F7 /* csv.swift in Sources */,
				9758D7511E14798B00E8D497 /* DetailVC.swift in Sources */,
			);
			runOnlyForDeploymentPostprocessing = 0;
		};
/* End PBXSourcesBuildPhase section */

/* Begin PBXVariantGroup section */
		97AB8BE81E0D505000FF0C46 /* Main.storyboard */ = {
			isa = PBXVariantGroup;
			children = (
				97AB8BE91E0D505000FF0C46 /* Base */,
			);
			name = Main.storyboard;
			sourceTree = "<group>";
		};
		97AB8BED1E0D505100FF0C46 /* LaunchScreen.storyboard */ = {
			isa = PBXVariantGroup;
			children = (
				97AB8BEE1E0D505100FF0C46 /* Base */,
			);
			name = LaunchScreen.storyboard;
			sourceTree = "<group>";
		};
/* End PBXVariantGroup section */

/* Begin XCBuildConfiguration section */
		97AB8BF11E0D505100FF0C46 /* Debug */ = {
			isa = XCBuildConfiguration;
			buildSettings = {
				ALWAYS_SEARCH_USER_PATHS = NO;
				CLANG_ANALYZER_NONNULL = YES;
				CLANG_CXX_LANGUAGE_STANDARD = "gnu++0x";
				CLANG_CXX_LIBRARY = "libc++";
				CLANG_ENABLE_MODULES = YES;
				CLANG_ENABLE_OBJC_ARC = YES;
				CLANG_WARN_BOOL_CONVERSION = YES;
				CLANG_WARN_CONSTANT_CONVERSION = YES;
				CLANG_WARN_DIRECT_OBJC_ISA_USAGE = YES_ERROR;
				CLANG_WARN_DOCUMENTATION_COMMENTS = YES;
				CLANG_WARN_EMPTY_BODY = YES;
				CLANG_WARN_ENUM_CONVERSION = YES;
				CLANG_WARN_INFINITE_RECURSION = YES;
				CLANG_WARN_INT_CONVERSION = YES;
				CLANG_WARN_OBJC_ROOT_CLASS = YES_ERROR;
				CLANG_WARN_SUSPICIOUS_MOVES = YES;
				CLANG_WARN_UNREACHABLE_CODE = YES;
				CLANG_WARN__DUPLICATE_METHOD_MATCH = YES;
				"CODE_SIGN_IDENTITY[sdk=iphoneos*]" = "iPhone Developer";
				COPY_PHASE_STRIP = NO;
				DEBUG_INFORMATION_FORMAT = dwarf;
				ENABLE_STRICT_OBJC_MSGSEND = YES;
				ENABLE_TESTABILITY = YES;
				GCC_C_LANGUAGE_STANDARD = gnu99;
				GCC_DYNAMIC_NO_PIC = NO;
				GCC_NO_COMMON_BLOCKS = YES;
				GCC_OPTIMIZATION_LEVEL = 0;
				GCC_PREPROCESSOR_DEFINITIONS = (
					"DEBUG=1",
					"$(inherited)",
				);
				GCC_WARN_64_TO_32_BIT_CONVERSION = YES;
				GCC_WARN_ABOUT_RETURN_TYPE = YES_ERROR;
				GCC_WARN_UNDECLARED_SELECTOR = YES;
				GCC_WARN_UNINITIALIZED_AUTOS = YES_AGGRESSIVE;
				GCC_WARN_UNUSED_FUNCTION = YES;
				GCC_WARN_UNUSED_VARIABLE = YES;
				IPHONEOS_DEPLOYMENT_TARGET = 10.1;
				MTL_ENABLE_DEBUG_INFO = YES;
				ONLY_ACTIVE_ARCH = YES;
				SDKROOT = iphoneos;
				SWIFT_ACTIVE_COMPILATION_CONDITIONS = DEBUG;
				SWIFT_OPTIMIZATION_LEVEL = "-Onone";
			};
			name = Debug;
		};
		97AB8BF21E0D505100FF0C46 /* Release */ = {
			isa = XCBuildConfiguration;
			buildSettings = {
				ALWAYS_SEARCH_USER_PATHS = NO;
				CLANG_ANALYZER_NONNULL = YES;
				CLANG_CXX_LANGUAGE_STANDARD = "gnu++0x";
				CLANG_CXX_LIBRARY = "libc++";
				CLANG_ENABLE_MODULES = YES;
				CLANG_ENABLE_OBJC_ARC = YES;
				CLANG_WARN_BOOL_CONVERSION = YES;
				CLANG_WARN_CONSTANT_CONVERSION = YES;
				CLANG_WARN_DIRECT_OBJC_ISA_USAGE = YES_ERROR;
				CLANG_WARN_DOCUMENTATION_COMMENTS = YES;
				CLANG_WARN_EMPTY_BODY = YES;
				CLANG_WARN_ENUM_CONVERSION = YES;
				CLANG_WARN_INFINITE_RECURSION = YES;
				CLANG_WARN_INT_CONVERSION = YES;
				CLANG_WARN_OBJC_ROOT_CLASS = YES_ERROR;
				CLANG_WARN_SUSPICIOUS_MOVES = YES;
				CLANG_WARN_UNREACHABLE_CODE = YES;
				CLANG_WARN__DUPLICATE_METHOD_MATCH = YES;
				"CODE_SIGN_IDENTITY[sdk=iphoneos*]" = "iPhone Developer";
				COPY_PHASE_STRIP = NO;
				DEBUG_INFORMATION_FORMAT = "dwarf-with-dsym";
				ENABLE_NS_ASSERTIONS = NO;
				ENABLE_STRICT_OBJC_MSGSEND = YES;
				GCC_C_LANGUAGE_STANDARD = gnu99;
				GCC_NO_COMMON_BLOCKS = YES;
				GCC_WARN_64_TO_32_BIT_CONVERSION = YES;
				GCC_WARN_ABOUT_RETURN_TYPE = YES_ERROR;
				GCC_WARN_UNDECLARED_SELECTOR = YES;
				GCC_WARN_UNINITIALIZED_AUTOS = YES_AGGRESSIVE;
				GCC_WARN_UNUSED_FUNCTION = YES;
				GCC_WARN_UNUSED_VARIABLE = YES;
				IPHONEOS_DEPLOYMENT_TARGET = 10.1;
				MTL_ENABLE_DEBUG_INFO = NO;
				SDKROOT = iphoneos;
				SWIFT_OPTIMIZATION_LEVEL = "-Owholemodule";
				VALIDATE_PRODUCT = YES;
			};
			name = Release;
		};
		97AB8BF41E0D505100FF0C46 /* Debug */ = {
			isa = XCBuildConfiguration;
			buildSettings = {
				ASSETCATALOG_COMPILER_APPICON_NAME = AppIcon;
				DEVELOPMENT_TEAM = S6T358VQU9;
				INFOPLIST_FILE = pokedex/Info.plist;
				LD_RUNPATH_SEARCH_PATHS = "$(inherited) @executable_path/Frameworks";
				PRODUCT_BUNDLE_IDENTIFIER = me.gustavwww.pokedex;
				PRODUCT_NAME = "$(TARGET_NAME)";
				SWIFT_VERSION = 3.0;
			};
			name = Debug;
		};
		97AB8BF51E0D505100FF0C46 /* Release */ = {
			isa = XCBuildConfiguration;
			buildSettings = {
				ASSETCATALOG_COMPILER_APPICON_NAME = AppIcon;
				DEVELOPMENT_TEAM = S6T358VQU9;
				INFOPLIST_FILE = pokedex/Info.plist;
				LD_RUNPATH_SEARCH_PATHS = "$(inherited) @executable_path/Frameworks";
				PRODUCT_BUNDLE_IDENTIFIER = me.gustavwww.pokedex;
				PRODUCT_NAME = "$(TARGET_NAME)";
				SWIFT_VERSION = 3.0;
			};
			name = Release;
		};
/* End XCBuildConfiguration section */

/* Begin XCConfigurationList section */
		97AB8BDC1E0D504F00FF0C46 /* Build configuration list for PBXProject "pokedex" */ = {
			isa = XCConfigurationList;
			buildConfigurations = (
				97AB8BF11E0D505100FF0C46 /* Debug */,
				97AB8BF21E0D505100FF0C46 /* Release */,
			);
			defaultConfigurationIsVisible = 0;
			defaultConfigurationName = Release;
		};
		97AB8BF31E0D505100FF0C46 /* Build configuration list for PBXNativeTarget "pokedex" */ = {
			isa = XCConfigurationList;
			buildConfigurations = (
				97AB8BF41E0D505100FF0C46 /* Debug */,
				97AB8BF51E0D505100FF0C46 /* Release */,
			);
			defaultConfigurationIsVisible = 0;
			defaultConfigurationName = Release;
		};
/* End XCConfigurationList section */
	};
	rootObject = 97AB8BD91E0D504F00FF0C46 /* Project object */;
}
